// !$*UTF8*$!
{
	archiveVersion = 1;
	classes = {
	};
	objectVersion = 46;
	objects = {

/* Begin PBXBuildFile section */
		84214FC91A1778D700DB3E05 /* btn_play_bg.png in Resources */ = {isa = PBXBuildFile; fileRef = 84214FC31A1778D700DB3E05 /* btn_play_bg.png */; };
		84214FCA1A1778D700DB3E05 /* ic_count.png in Resources */ = {isa = PBXBuildFile; fileRef = 84214FC41A1778D700DB3E05 /* ic_count.png */; };
		84214FCB1A1778D700DB3E05 /* ic_life.png in Resources */ = {isa = PBXBuildFile; fileRef = 84214FC51A1778D700DB3E05 /* ic_life.png */; };
		84214FCC1A1778D700DB3E05 /* ic_time.png in Resources */ = {isa = PBXBuildFile; fileRef = 84214FC61A1778D700DB3E05 /* ic_time.png */; };
		84214FCD1A1778D700DB3E05 /* step1.img.bg.png in Resources */ = {isa = PBXBuildFile; fileRef = 84214FC71A1778D700DB3E05 /* step1.img.bg.png */; };
		84214FD01A1779C400DB3E05 /* RARootVC.m in Sources */ = {isa = PBXBuildFile; fileRef = 84214FCF1A1779C400DB3E05 /* RARootVC.m */; };
		84214FD71A177B6E00DB3E05 /* RAStartGameScreenVC.m in Sources */ = {isa = PBXBuildFile; fileRef = 84214FD51A177B6E00DB3E05 /* RAStartGameScreenVC.m */; };
		84214FD81A177B6E00DB3E05 /* RAStartGameScreenVC.xib in Resources */ = {isa = PBXBuildFile; fileRef = 84214FD61A177B6E00DB3E05 /* RAStartGameScreenVC.xib */; };
		84214FDE1A1795B700DB3E05 /* ae5162.png in Resources */ = {isa = PBXBuildFile; fileRef = 84214FDC1A1795B700DB3E05 /* ae5162.png */; };
		84214FDF1A1795B700DB3E05 /* fefef0.png in Resources */ = {isa = PBXBuildFile; fileRef = 84214FDD1A1795B700DB3E05 /* fefef0.png */; };
		84214FE31A17975200DB3E05 /* bg.png in Resources */ = {isa = PBXBuildFile; fileRef = 84214FE11A17975200DB3E05 /* bg.png */; };
		84214FE41A17975200DB3E05 /* step1.png in Resources */ = {isa = PBXBuildFile; fileRef = 84214FE21A17975200DB3E05 /* step1.png */; };
		8436B93C1A11E4B00054EF83 /* main.m in Sources */ = {isa = PBXBuildFile; fileRef = 8436B93B1A11E4B00054EF83 /* main.m */; };
		8436B93F1A11E4B00054EF83 /* AppDelegate.m in Sources */ = {isa = PBXBuildFile; fileRef = 8436B93E1A11E4B00054EF83 /* AppDelegate.m */; };
		8436B9451A11E4B00054EF83 /* Main.storyboard in Resources */ = {isa = PBXBuildFile; fileRef = 8436B9431A11E4B00054EF83 /* Main.storyboard */; };
		8436B9471A11E4B00054EF83 /* Images.xcassets in Resources */ = {isa = PBXBuildFile; fileRef = 8436B9461A11E4B00054EF83 /* Images.xcassets */; };
		8436B94A1A11E4B00054EF83 /* LaunchScreen.xib in Resources */ = {isa = PBXBuildFile; fileRef = 8436B9481A11E4B00054EF83 /* LaunchScreen.xib */; };
		8436B9561A11E4B00054EF83 /* ROSATOM_GAMETests.m in Sources */ = {isa = PBXBuildFile; fileRef = 8436B9551A11E4B00054EF83 /* ROSATOM_GAMETests.m */; };
/* End PBXBuildFile section */

/* Begin PBXContainerItemProxy section */
		8436B9501A11E4B00054EF83 /* PBXContainerItemProxy */ = {
			isa = PBXContainerItemProxy;
			containerPortal = 8436B92E1A11E4B00054EF83 /* Project object */;
			proxyType = 1;
			remoteGlobalIDString = 8436B9351A11E4B00054EF83;
			remoteInfo = ROSATOM_GAME;
		};
/* End PBXContainerItemProxy section */

/* Begin PBXFileReference section */
		84214FC31A1778D700DB3E05 /* btn_play_bg.png */ = {isa = PBXFileReference; lastKnownFileType = image.png; path = btn_play_bg.png; sourceTree = "<group>"; };
		84214FC41A1778D700DB3E05 /* ic_count.png */ = {isa = PBXFileReference; lastKnownFileType = image.png; path = ic_count.png; sourceTree = "<group>"; };
		84214FC51A1778D700DB3E05 /* ic_life.png */ = {isa = PBXFileReference; lastKnownFileType = image.png; path = ic_life.png; sourceTree = "<group>"; };
		84214FC61A1778D700DB3E05 /* ic_time.png */ = {isa = PBXFileReference; lastKnownFileType = image.png; path = ic_time.png; sourceTree = "<group>"; };
		84214FC71A1778D700DB3E05 /* step1.img.bg.png */ = {isa = PBXFileReference; lastKnownFileType = image.png; path = step1.img.bg.png; sourceTree = "<group>"; };
		84214FCE1A1779C400DB3E05 /* RARootVC.h */ = {isa = PBXFileReference; fileEncoding = 4; lastKnownFileType = sourcecode.c.h; path = RARootVC.h; sourceTree = "<group>"; };
		84214FCF1A1779C400DB3E05 /* RARootVC.m */ = {isa = PBXFileReference; fileEncoding = 4; lastKnownFileType = sourcecode.c.objc; path = RARootVC.m; sourceTree = "<group>"; };
		84214FD41A177B6E00DB3E05 /* RAStartGameScreenVC.h */ = {isa = PBXFileReference; fileEncoding = 4; lastKnownFileType = sourcecode.c.h; path = RAStartGameScreenVC.h; sourceTree = "<group>"; };
		84214FD51A177B6E00DB3E05 /* RAStartGameScreenVC.m */ = {isa = PBXFileReference; fileEncoding = 4; lastKnownFileType = sourcecode.c.objc; path = RAStartGameScreenVC.m; sourceTree = "<group>"; };
		84214FD61A177B6E00DB3E05 /* RAStartGameScreenVC.xib */ = {isa = PBXFileReference; fileEncoding = 4; lastKnownFileType = file.xib; path = RAStartGameScreenVC.xib; sourceTree = "<group>"; };
		84214FDC1A1795B700DB3E05 /* ae5162.png */ = {isa = PBXFileReference; lastKnownFileType = image.png; path = ae5162.png; sourceTree = "<group>"; };
		84214FDD1A1795B700DB3E05 /* fefef0.png */ = {isa = PBXFileReference; lastKnownFileType = image.png; path = fefef0.png; sourceTree = "<group>"; };
		84214FE11A17975200DB3E05 /* bg.png */ = {isa = PBXFileReference; lastKnownFileType = image.png; path = bg.png; sourceTree = "<group>"; };
		84214FE21A17975200DB3E05 /* step1.png */ = {isa = PBXFileReference; lastKnownFileType = image.png; path = step1.png; sourceTree = "<group>"; };
		8436B9361A11E4B00054EF83 /* ROSATOM_GAME.app */ = {isa = PBXFileReference; explicitFileType = wrapper.application; includeInIndex = 0; path = ROSATOM_GAME.app; sourceTree = BUILT_PRODUCTS_DIR; };
		8436B93A1A11E4B00054EF83 /* Info.plist */ = {isa = PBXFileReference; lastKnownFileType = text.plist.xml; path = Info.plist; sourceTree = "<group>"; };
		8436B93B1A11E4B00054EF83 /* main.m */ = {isa = PBXFileReference; lastKnownFileType = sourcecode.c.objc; path = main.m; sourceTree = "<group>"; };
		8436B93D1A11E4B00054EF83 /* AppDelegate.h */ = {isa = PBXFileReference; lastKnownFileType = sourcecode.c.h; path = AppDelegate.h; sourceTree = "<group>"; };
		8436B93E1A11E4B00054EF83 /* AppDelegate.m */ = {isa = PBXFileReference; lastKnownFileType = sourcecode.c.objc; path = AppDelegate.m; sourceTree = "<group>"; };
		8436B9441A11E4B00054EF83 /* Base */ = {isa = PBXFileReference; lastKnownFileType = file.storyboard; name = Base; path = Base.lproj/Main.storyboard; sourceTree = "<group>"; };
		8436B9461A11E4B00054EF83 /* Images.xcassets */ = {isa = PBXFileReference; lastKnownFileType = folder.assetcatalog; path = Images.xcassets; sourceTree = "<group>"; };
		8436B9491A11E4B00054EF83 /* Base */ = {isa = PBXFileReference; lastKnownFileType = file.xib; name = Base; path = Base.lproj/LaunchScreen.xib; sourceTree = "<group>"; };
		8436B94F1A11E4B00054EF83 /* ROSATOM_GAMETests.xctest */ = {isa = PBXFileReference; explicitFileType = wrapper.cfbundle; includeInIndex = 0; path = ROSATOM_GAMETests.xctest; sourceTree = BUILT_PRODUCTS_DIR; };
		8436B9541A11E4B00054EF83 /* Info.plist */ = {isa = PBXFileReference; lastKnownFileType = text.plist.xml; path = Info.plist; sourceTree = "<group>"; };
		8436B9551A11E4B00054EF83 /* ROSATOM_GAMETests.m */ = {isa = PBXFileReference; lastKnownFileType = sourcecode.c.objc; path = ROSATOM_GAMETests.m; sourceTree = "<group>"; };
/* End PBXFileReference section */

/* Begin PBXFrameworksBuildPhase section */
		8436B9331A11E4B00054EF83 /* Frameworks */ = {
			isa = PBXFrameworksBuildPhase;
			buildActionMask = 2147483647;
			files = (
			);
			runOnlyForDeploymentPostprocessing = 0;
		};
		8436B94C1A11E4B00054EF83 /* Frameworks */ = {
			isa = PBXFrameworksBuildPhase;
			buildActionMask = 2147483647;
			files = (
			);
			runOnlyForDeploymentPostprocessing = 0;
		};
/* End PBXFrameworksBuildPhase section */

/* Begin PBXGroup section */
		84214FC01A1778D700DB3E05 /* Resources */ = {
			isa = PBXGroup;
			children = (
				84214FC11A1778D700DB3E05 /* img */,
			);
			path = Resources;
			sourceTree = "<group>";
		};
		84214FC11A1778D700DB3E05 /* img */ = {
			isa = PBXGroup;
			children = (
				84214FE01A17975200DB3E05 /* temp */,
				84214FD91A1794F000DB3E05 /* 1pix */,
				84214FC31A1778D700DB3E05 /* btn_play_bg.png */,
				84214FC41A1778D700DB3E05 /* ic_count.png */,
				84214FC51A1778D700DB3E05 /* ic_life.png */,
				84214FC61A1778D700DB3E05 /* ic_time.png */,
				84214FC71A1778D700DB3E05 /* step1.img.bg.png */,
			);
			path = img;
			sourceTree = "<group>";
		};
		84214FD31A177B5400DB3E05 /* start game screen */ = {
			isa = PBXGroup;
			children = (
				84214FD41A177B6E00DB3E05 /* RAStartGameScreenVC.h */,
				84214FD51A177B6E00DB3E05 /* RAStartGameScreenVC.m */,
				84214FD61A177B6E00DB3E05 /* RAStartGameScreenVC.xib */,
			);
			path = "start game screen";
			sourceTree = "<group>";
		};
		84214FD91A1794F000DB3E05 /* 1pix */ = {
			isa = PBXGroup;
			children = (
				84214FDC1A1795B700DB3E05 /* ae5162.png */,
				84214FDD1A1795B700DB3E05 /* fefef0.png */,
			);
			path = 1pix;
			sourceTree = "<group>";
		};
		84214FE01A17975200DB3E05 /* temp */ = {
			isa = PBXGroup;
			children = (
				84214FE11A17975200DB3E05 /* bg.png */,
				84214FE21A17975200DB3E05 /* step1.png */,
			);
			path = temp;
			sourceTree = "<group>";
		};
		8436B92D1A11E4B00054EF83 = {
			isa = PBXGroup;
			children = (
				8436B9381A11E4B00054EF83 /* ROSATOM_GAME */,
				8436B9521A11E4B00054EF83 /* ROSATOM_GAMETests */,
				8436B9371A11E4B00054EF83 /* Products */,
			);
			sourceTree = "<group>";
		};
		8436B9371A11E4B00054EF83 /* Products */ = {
			isa = PBXGroup;
			children = (
				8436B9361A11E4B00054EF83 /* ROSATOM_GAME.app */,
				8436B94F1A11E4B00054EF83 /* ROSATOM_GAMETests.xctest */,
			);
			name = Products;
			sourceTree = "<group>";
		};
		8436B9381A11E4B00054EF83 /* ROSATOM_GAME */ = {
			isa = PBXGroup;
			children = (
				84214FD31A177B5400DB3E05 /* start game screen */,
				84214FCE1A1779C400DB3E05 /* RARootVC.h */,
				84214FCF1A1779C400DB3E05 /* RARootVC.m */,
				84214FC01A1778D700DB3E05 /* Resources */,
				8436B93D1A11E4B00054EF83 /* AppDelegate.h */,
				8436B93E1A11E4B00054EF83 /* AppDelegate.m */,
				8436B9431A11E4B00054EF83 /* Main.storyboard */,
				8436B9461A11E4B00054EF83 /* Images.xcassets */,
				8436B9481A11E4B00054EF83 /* LaunchScreen.xib */,
				8436B9391A11E4B00054EF83 /* Supporting Files */,
			);
			path = ROSATOM_GAME;
			sourceTree = "<group>";
		};
		8436B9391A11E4B00054EF83 /* Supporting Files */ = {
			isa = PBXGroup;
			children = (
				8436B93A1A11E4B00054EF83 /* Info.plist */,
				8436B93B1A11E4B00054EF83 /* main.m */,
			);
			name = "Supporting Files";
			sourceTree = "<group>";
		};
		8436B9521A11E4B00054EF83 /* ROSATOM_GAMETests */ = {
			isa = PBXGroup;
			children = (
				8436B9551A11E4B00054EF83 /* ROSATOM_GAMETests.m */,
				8436B9531A11E4B00054EF83 /* Supporting Files */,
			);
			path = ROSATOM_GAMETests;
			sourceTree = "<group>";
		};
		8436B9531A11E4B00054EF83 /* Supporting Files */ = {
			isa = PBXGroup;
			children = (
				8436B9541A11E4B00054EF83 /* Info.plist */,
			);
			name = "Supporting Files";
			sourceTree = "<group>";
		};
/* End PBXGroup section */

/* Begin PBXNativeTarget section */
		8436B9351A11E4B00054EF83 /* ROSATOM_GAME */ = {
			isa = PBXNativeTarget;
			buildConfigurationList = 8436B9591A11E4B00054EF83 /* Build configuration list for PBXNativeTarget "ROSATOM_GAME" */;
			buildPhases = (
				8436B9321A11E4B00054EF83 /* Sources */,
				8436B9331A11E4B00054EF83 /* Frameworks */,
				8436B9341A11E4B00054EF83 /* Resources */,
			);
			buildRules = (
			);
			dependencies = (
			);
			name = ROSATOM_GAME;
			productName = ROSATOM_GAME;
			productReference = 8436B9361A11E4B00054EF83 /* ROSATOM_GAME.app */;
			productType = "com.apple.product-type.application";
		};
		8436B94E1A11E4B00054EF83 /* ROSATOM_GAMETests */ = {
			isa = PBXNativeTarget;
			buildConfigurationList = 8436B95C1A11E4B00054EF83 /* Build configuration list for PBXNativeTarget "ROSATOM_GAMETests" */;
			buildPhases = (
				8436B94B1A11E4B00054EF83 /* Sources */,
				8436B94C1A11E4B00054EF83 /* Frameworks */,
				8436B94D1A11E4B00054EF83 /* Resources */,
			);
			buildRules = (
			);
			dependencies = (
				8436B9511A11E4B00054EF83 /* PBXTargetDependency */,
			);
			name = ROSATOM_GAMETests;
			productName = ROSATOM_GAMETests;
			productReference = 8436B94F1A11E4B00054EF83 /* ROSATOM_GAMETests.xctest */;
			productType = "com.apple.product-type.bundle.unit-test";
		};
/* End PBXNativeTarget section */

/* Begin PBXProject section */
		8436B92E1A11E4B00054EF83 /* Project object */ = {
			isa = PBXProject;
			attributes = {
				LastUpgradeCheck = 0610;
				ORGANIZATIONNAME = AlexNikov;
				TargetAttributes = {
					8436B9351A11E4B00054EF83 = {
						CreatedOnToolsVersion = 6.1;
					};
					8436B94E1A11E4B00054EF83 = {
						CreatedOnToolsVersion = 6.1;
						TestTargetID = 8436B9351A11E4B00054EF83;
					};
				};
			};
			buildConfigurationList = 8436B9311A11E4B00054EF83 /* Build configuration list for PBXProject "ROSATOM_GAME" */;
			compatibilityVersion = "Xcode 3.2";
			developmentRegion = English;
			hasScannedForEncodings = 0;
			knownRegions = (
				en,
				Base,
			);
			mainGroup = 8436B92D1A11E4B00054EF83;
			productRefGroup = 8436B9371A11E4B00054EF83 /* Products */;
			projectDirPath = "";
			projectRoot = "";
			targets = (
				8436B9351A11E4B00054EF83 /* ROSATOM_GAME */,
				8436B94E1A11E4B00054EF83 /* ROSATOM_GAMETests */,
			);
		};
/* End PBXProject section */

/* Begin PBXResourcesBuildPhase section */
		8436B9341A11E4B00054EF83 /* Resources */ = {
			isa = PBXResourcesBuildPhase;
			buildActionMask = 2147483647;
			files = (
				84214FCC1A1778D700DB3E05 /* ic_time.png in Resources */,
				84214FDE1A1795B700DB3E05 /* ae5162.png in Resources */,
				84214FE31A17975200DB3E05 /* bg.png in Resources */,
				8436B9451A11E4B00054EF83 /* Main.storyboard in Resources */,
				8436B94A1A11E4B00054EF83 /* LaunchScreen.xib in Resources */,
				84214FDF1A1795B700DB3E05 /* fefef0.png in Resources */,
				84214FD81A177B6E00DB3E05 /* RAStartGameScreenVC.xib in Resources */,
				84214FCA1A1778D700DB3E05 /* ic_count.png in Resources */,
				84214FCB1A1778D700DB3E05 /* ic_life.png in Resources */,
				84214FC91A1778D700DB3E05 /* btn_play_bg.png in Resources */,
				84214FCD1A1778D700DB3E05 /* step1.img.bg.png in Resources */,
				84214FE41A17975200DB3E05 /* step1.png in Resources */,
				8436B9471A11E4B00054EF83 /* Images.xcassets in Resources */,
			);
			runOnlyForDeploymentPostprocessing = 0;
		};
		8436B94D1A11E4B00054EF83 /* Resources */ = {
			isa = PBXResourcesBuildPhase;
			buildActionMask = 2147483647;
			files = (
			);
			runOnlyForDeploymentPostprocessing = 0;
		};
/* End PBXResourcesBuildPhase section */

/* Begin PBXSourcesBuildPhase section */
		8436B9321A11E4B00054EF83 /* Sources */ = {
			isa = PBXSourcesBuildPhase;
			buildActionMask = 2147483647;
			files = (
				84214FD71A177B6E00DB3E05 /* RAStartGameScreenVC.m in Sources */,
				84214FD01A1779C400DB3E05 /* RARootVC.m in Sources */,
				8436B93F1A11E4B00054EF83 /* AppDelegate.m in Sources */,
				8436B93C1A11E4B00054EF83 /* main.m in Sources */,
			);
			runOnlyForDeploymentPostprocessing = 0;
		};
		8436B94B1A11E4B00054EF83 /* Sources */ = {
			isa = PBXSourcesBuildPhase;
			buildActionMask = 2147483647;
			files = (
				8436B9561A11E4B00054EF83 /* ROSATOM_GAMETests.m in Sources */,
			);
			runOnlyForDeploymentPostprocessing = 0;
		};
/* End PBXSourcesBuildPhase section */

/* Begin PBXTargetDependency section */
		8436B9511A11E4B00054EF83 /* PBXTargetDependency */ = {
			isa = PBXTargetDependency;
			target = 8436B9351A11E4B00054EF83 /* ROSATOM_GAME */;
			targetProxy = 8436B9501A11E4B00054EF83 /* PBXContainerItemProxy */;
		};
/* End PBXTargetDependency section */

/* Begin PBXVariantGroup section */
		8436B9431A11E4B00054EF83 /* Main.storyboard */ = {
			isa = PBXVariantGroup;
			children = (
				8436B9441A11E4B00054EF83 /* Base */,
			);
			name = Main.storyboard;
			sourceTree = "<group>";
		};
		8436B9481A11E4B00054EF83 /* LaunchScreen.xib */ = {
			isa = PBXVariantGroup;
			children = (
				8436B9491A11E4B00054EF83 /* Base */,
			);
			name = LaunchScreen.xib;
			sourceTree = "<group>";
		};
/* End PBXVariantGroup section */

/* Begin XCBuildConfiguration section */
		8436B9571A11E4B00054EF83 /* Debug */ = {
			isa = XCBuildConfiguration;
			buildSettings = {
				ALWAYS_SEARCH_USER_PATHS = NO;
				CLANG_CXX_LANGUAGE_STANDARD = "gnu++0x";
				CLANG_CXX_LIBRARY = "libc++";
				CLANG_ENABLE_MODULES = YES;
				CLANG_ENABLE_OBJC_ARC = YES;
				CLANG_WARN_BOOL_CONVERSION = YES;
				CLANG_WARN_CONSTANT_CONVERSION = YES;
				CLANG_WARN_DIRECT_OBJC_ISA_USAGE = YES_ERROR;
				CLANG_WARN_EMPTY_BODY = YES;
				CLANG_WARN_ENUM_CONVERSION = YES;
				CLANG_WARN_INT_CONVERSION = YES;
				CLANG_WARN_OBJC_ROOT_CLASS = YES_ERROR;
				CLANG_WARN_UNREACHABLE_CODE = YES;
				CLANG_WARN__DUPLICATE_METHOD_MATCH = YES;
				"CODE_SIGN_IDENTITY[sdk=iphoneos*]" = "iPhone Developer";
				COPY_PHASE_STRIP = NO;
				ENABLE_STRICT_OBJC_MSGSEND = YES;
				GCC_C_LANGUAGE_STANDARD = gnu99;
				GCC_DYNAMIC_NO_PIC = NO;
				GCC_OPTIMIZATION_LEVEL = 0;
				GCC_PREPROCESSOR_DEFINITIONS = (
					"DEBUG=1",
					"$(inherited)",
				);
				GCC_SYMBOLS_PRIVATE_EXTERN = NO;
				GCC_WARN_64_TO_32_BIT_CONVERSION = YES;
				GCC_WARN_ABOUT_RETURN_TYPE = YES_ERROR;
				GCC_WARN_UNDECLARED_SELECTOR = YES;
				GCC_WARN_UNINITIALIZED_AUTOS = YES_AGGRESSIVE;
				GCC_WARN_UNUSED_FUNCTION = YES;
				GCC_WARN_UNUSED_VARIABLE = YES;
				IPHONEOS_DEPLOYMENT_TARGET = 8.1;
				MTL_ENABLE_DEBUG_INFO = YES;
				ONLY_ACTIVE_ARCH = YES;
				SDKROOT = iphoneos;
			};
			name = Debug;
		};
		8436B9581A11E4B00054EF83 /* Release */ = {
			isa = XCBuildConfiguration;
			buildSettings = {
				ALWAYS_SEARCH_USER_PATHS = NO;
				CLANG_CXX_LANGUAGE_STANDARD = "gnu++0x";
				CLANG_CXX_LIBRARY = "libc++";
				CLANG_ENABLE_MODULES = YES;
				CLANG_ENABLE_OBJC_ARC = YES;
				CLANG_WARN_BOOL_CONVERSION = YES;
				CLANG_WARN_CONSTANT_CONVERSION = YES;
				CLANG_WARN_DIRECT_OBJC_ISA_USAGE = YES_ERROR;
				CLANG_WARN_EMPTY_BODY = YES;
				CLANG_WARN_ENUM_CONVERSION = YES;
				CLANG_WARN_INT_CONVERSION = YES;
				CLANG_WARN_OBJC_ROOT_CLASS = YES_ERROR;
				CLANG_WARN_UNREACHABLE_CODE = YES;
				CLANG_WARN__DUPLICATE_METHOD_MATCH = YES;
				"CODE_SIGN_IDENTITY[sdk=iphoneos*]" = "iPhone Developer";
				COPY_PHASE_STRIP = YES;
				ENABLE_NS_ASSERTIONS = NO;
				ENABLE_STRICT_OBJC_MSGSEND = YES;
				GCC_C_LANGUAGE_STANDARD = gnu99;
				GCC_WARN_64_TO_32_BIT_CONVERSION = YES;
				GCC_WARN_ABOUT_RETURN_TYPE = YES_ERROR;
				GCC_WARN_UNDECLARED_SELECTOR = YES;
				GCC_WARN_UNINITIALIZED_AUTOS = YES_AGGRESSIVE;
				GCC_WARN_UNUSED_FUNCTION = YES;
				GCC_WARN_UNUSED_VARIABLE = YES;
				IPHONEOS_DEPLOYMENT_TARGET = 8.1;
				MTL_ENABLE_DEBUG_INFO = NO;
				SDKROOT = iphoneos;
				VALIDATE_PRODUCT = YES;
			};
			name = Release;
		};
		8436B95A1A11E4B00054EF83 /* Debug */ = {
			isa = XCBuildConfiguration;
			buildSettings = {
				ASSETCATALOG_COMPILER_APPICON_NAME = AppIcon;
				INFOPLIST_FILE = ROSATOM_GAME/Info.plist;
				LD_RUNPATH_SEARCH_PATHS = "$(inherited) @executable_path/Frameworks";
				PRODUCT_NAME = "$(TARGET_NAME)";
			};
			name = Debug;
		};
		8436B95B1A11E4B00054EF83 /* Release */ = {
			isa = XCBuildConfiguration;
			buildSettings = {
				ASSETCATALOG_COMPILER_APPICON_NAME = AppIcon;
				INFOPLIST_FILE = ROSATOM_GAME/Info.plist;
				LD_RUNPATH_SEARCH_PATHS = "$(inherited) @executable_path/Frameworks";
				PRODUCT_NAME = "$(TARGET_NAME)";
			};
			name = Release;
		};
		8436B95D1A11E4B00054EF83 /* Debug */ = {
			isa = XCBuildConfiguration;
			buildSettings = {
				BUNDLE_LOADER = "$(TEST_HOST)";
				FRAMEWORK_SEARCH_PATHS = (
					"$(SDKROOT)/Developer/Library/Frameworks",
					"$(inherited)",
				);
				GCC_PREPROCESSOR_DEFINITIONS = (
					"DEBUG=1",
					"$(inherited)",
				);
				INFOPLIST_FILE = ROSATOM_GAMETests/Info.plist;
				LD_RUNPATH_SEARCH_PATHS = "$(inherited) @executable_path/Frameworks @loader_path/Frameworks";
				PRODUCT_NAME = "$(TARGET_NAME)";
				TEST_HOST = "$(BUILT_PRODUCTS_DIR)/ROSATOM_GAME.app/ROSATOM_GAME";
			};
			name = Debug;
		};
		8436B95E1A11E4B00054EF83 /* Release */ = {
			isa = XCBuildConfiguration;
			buildSettings = {
				BUNDLE_LOADER = "$(TEST_HOST)";
				FRAMEWORK_SEARCH_PATHS = (
					"$(SDKROOT)/Developer/Library/Frameworks",
					"$(inherited)",
				);
				INFOPLIST_FILE = ROSATOM_GAMETests/Info.plist;
				LD_RUNPATH_SEARCH_PATHS = "$(inherited) @executable_path/Frameworks @loader_path/Frameworks";
				PRODUCT_NAME = "$(TARGET_NAME)";
				TEST_HOST = "$(BUILT_PRODUCTS_DIR)/ROSATOM_GAME.app/ROSATOM_GAME";
			};
			name = Release;
		};
/* End XCBuildConfiguration section */

/* Begin XCConfigurationList section */
		8436B9311A11E4B00054EF83 /* Build configuration list for PBXProject "ROSATOM_GAME" */ = {
			isa = XCConfigurationList;
			buildConfigurations = (
				8436B9571A11E4B00054EF83 /* Debug */,
				8436B9581A11E4B00054EF83 /* Release */,
			);
			defaultConfigurationIsVisible = 0;
			defaultConfigurationName = Release;
		};
		8436B9591A11E4B00054EF83 /* Build configuration list for PBXNativeTarget "ROSATOM_GAME" */ = {
			isa = XCConfigurationList;
			buildConfigurations = (
				8436B95A1A11E4B00054EF83 /* Debug */,
				8436B95B1A11E4B00054EF83 /* Release */,
			);
			defaultConfigurationIsVisible = 0;
			defaultConfigurationName = Release;
		};
		8436B95C1A11E4B00054EF83 /* Build configuration list for PBXNativeTarget "ROSATOM_GAMETests" */ = {
			isa = XCConfigurationList;
			buildConfigurations = (
				8436B95D1A11E4B00054EF83 /* Debug */,
				8436B95E1A11E4B00054EF83 /* Release */,
			);
			defaultConfigurationIsVisible = 0;
			defaultConfigurationName = Release;
		};
/* End XCConfigurationList section */
	};
	rootObject = 8436B92E1A11E4B00054EF83 /* Project object */;
}
