// !$*UTF8*$!
{
	archiveVersion = 1;
	classes = {
	};
	objectVersion = 46;
	objects = {

/* Begin PBXBuildFile section */
		840E39511A186D30008C8639 /* RAStatusBarView.m in Sources */ = {isa = PBXBuildFile; fileRef = 840E39501A186D30008C8639 /* RAStatusBarView.m */; };
		840E39541A1891D8008C8639 /* RAPlayGameScreenVC.m in Sources */ = {isa = PBXBuildFile; fileRef = 840E39531A1891D8008C8639 /* RAPlayGameScreenVC.m */; };
		840E39C61A191233008C8639 /* View.xib in Resources */ = {isa = PBXBuildFile; fileRef = 840E39C51A191233008C8639 /* View.xib */; };
		8410F2B81A1A942E00B0155A /* color_1.png in Resources */ = {isa = PBXBuildFile; fileRef = 8410F2B01A1A942E00B0155A /* color_1.png */; };
		8410F2B91A1A942E00B0155A /* color_2.png in Resources */ = {isa = PBXBuildFile; fileRef = 8410F2B11A1A942E00B0155A /* color_2.png */; };
		8410F2BA1A1A942E00B0155A /* color_3.png in Resources */ = {isa = PBXBuildFile; fileRef = 8410F2B21A1A942E00B0155A /* color_3.png */; };
		8410F2BB1A1A942E00B0155A /* color_4.png in Resources */ = {isa = PBXBuildFile; fileRef = 8410F2B31A1A942E00B0155A /* color_4.png */; };
		8410F2BC1A1A942E00B0155A /* color_5.png in Resources */ = {isa = PBXBuildFile; fileRef = 8410F2B41A1A942E00B0155A /* color_5.png */; };
		8410F2BD1A1A942E00B0155A /* color_6.png in Resources */ = {isa = PBXBuildFile; fileRef = 8410F2B51A1A942E00B0155A /* color_6.png */; };
		8410F2BE1A1A942E00B0155A /* color_7.png in Resources */ = {isa = PBXBuildFile; fileRef = 8410F2B61A1A942E00B0155A /* color_7.png */; };
		8410F2BF1A1A942E00B0155A /* color_8.png in Resources */ = {isa = PBXBuildFile; fileRef = 8410F2B71A1A942E00B0155A /* color_8.png */; };
		8410F2C11A1A978100B0155A /* title_level_complete.png in Resources */ = {isa = PBXBuildFile; fileRef = 8410F2C01A1A978100B0155A /* title_level_complete.png */; };
		84214FC91A1778D700DB3E05 /* btn_play_bg.png in Resources */ = {isa = PBXBuildFile; fileRef = 84214FC31A1778D700DB3E05 /* btn_play_bg.png */; };
		84214FCA1A1778D700DB3E05 /* ic_count.png in Resources */ = {isa = PBXBuildFile; fileRef = 84214FC41A1778D700DB3E05 /* ic_count.png */; };
		84214FCB1A1778D700DB3E05 /* ic_life.png in Resources */ = {isa = PBXBuildFile; fileRef = 84214FC51A1778D700DB3E05 /* ic_life.png */; };
		84214FCC1A1778D700DB3E05 /* ic_time.png in Resources */ = {isa = PBXBuildFile; fileRef = 84214FC61A1778D700DB3E05 /* ic_time.png */; };
		84214FCD1A1778D700DB3E05 /* step1.img.bg.png in Resources */ = {isa = PBXBuildFile; fileRef = 84214FC71A1778D700DB3E05 /* step1.img.bg.png */; };
		84214FD01A1779C400DB3E05 /* RARootVC.m in Sources */ = {isa = PBXBuildFile; fileRef = 84214FCF1A1779C400DB3E05 /* RARootVC.m */; };
		84214FD71A177B6E00DB3E05 /* RAStartGameScreenVC.m in Sources */ = {isa = PBXBuildFile; fileRef = 84214FD51A177B6E00DB3E05 /* RAStartGameScreenVC.m */; };
		84214FD81A177B6E00DB3E05 /* RAStartGameScreenVC.xib in Resources */ = {isa = PBXBuildFile; fileRef = 84214FD61A177B6E00DB3E05 /* RAStartGameScreenVC.xib */; };
		84214FDE1A1795B700DB3E05 /* ae5162.png in Resources */ = {isa = PBXBuildFile; fileRef = 84214FDC1A1795B700DB3E05 /* ae5162.png */; };
		84214FDF1A1795B700DB3E05 /* fefef0.png in Resources */ = {isa = PBXBuildFile; fileRef = 84214FDD1A1795B700DB3E05 /* fefef0.png */; };
		84214FE31A17975200DB3E05 /* bg.png in Resources */ = {isa = PBXBuildFile; fileRef = 84214FE11A17975200DB3E05 /* bg.png */; };
		84214FE41A17975200DB3E05 /* step1.png in Resources */ = {isa = PBXBuildFile; fileRef = 84214FE21A17975200DB3E05 /* step1.png */; };
		84214FE71A17B99600DB3E05 /* 761a41.png in Resources */ = {isa = PBXBuildFile; fileRef = 84214FE51A17B99600DB3E05 /* 761a41.png */; };
		84214FE81A17B99700DB3E05 /* 06141A-1.png in Resources */ = {isa = PBXBuildFile; fileRef = 84214FE61A17B99600DB3E05 /* 06141A-1.png */; };
		84214FEA1A17BA4D00DB3E05 /* steps.png in Resources */ = {isa = PBXBuildFile; fileRef = 84214FE91A17BA4D00DB3E05 /* steps.png */; };
		84214FEC1A17CB5E00DB3E05 /* btn_play_bg_sel.png in Resources */ = {isa = PBXBuildFile; fileRef = 84214FEB1A17CB5E00DB3E05 /* btn_play_bg_sel.png */; };
		84214FFC1A17E2B600DB3E05 /* bgBtnTrueFalse.png in Resources */ = {isa = PBXBuildFile; fileRef = 84214FF51A17E2B600DB3E05 /* bgBtnTrueFalse.png */; };
		84214FFD1A17E2B600DB3E05 /* btn_false.png in Resources */ = {isa = PBXBuildFile; fileRef = 84214FF61A17E2B600DB3E05 /* btn_false.png */; };
		84214FFE1A17E2B600DB3E05 /* btn_true.png in Resources */ = {isa = PBXBuildFile; fileRef = 84214FF71A17E2B600DB3E05 /* btn_true.png */; };
		84214FFF1A17E2B600DB3E05 /* imgClock.png in Resources */ = {isa = PBXBuildFile; fileRef = 84214FF81A17E2B600DB3E05 /* imgClock.png */; };
		842150001A17E2B600DB3E05 /* status_ic_count.png in Resources */ = {isa = PBXBuildFile; fileRef = 84214FF91A17E2B600DB3E05 /* status_ic_count.png */; };
		842150011A17E2B600DB3E05 /* status_ic_level.png in Resources */ = {isa = PBXBuildFile; fileRef = 84214FFA1A17E2B600DB3E05 /* status_ic_level.png */; };
		842150021A17E2B600DB3E05 /* status_ic_life.png in Resources */ = {isa = PBXBuildFile; fileRef = 84214FFB1A17E2B600DB3E05 /* status_ic_life.png */; };
		842150041A17E35400DB3E05 /* Копия steps.png in Resources */ = {isa = PBXBuildFile; fileRef = 842150031A17E35400DB3E05 /* Копия steps.png */; };
		842150071A17E63B00DB3E05 /* AD5162-1.png in Resources */ = {isa = PBXBuildFile; fileRef = 842150051A17E63B00DB3E05 /* AD5162-1.png */; };
		842150081A17E63B00DB3E05 /* D7F5F2-1.png in Resources */ = {isa = PBXBuildFile; fileRef = 842150061A17E63B00DB3E05 /* D7F5F2-1.png */; };
		8421500E1A17EAC800DB3E05 /* RAStatusBarView.xib in Resources */ = {isa = PBXBuildFile; fileRef = 8421500C1A17EAC800DB3E05 /* RAStatusBarView.xib */; };
		8436B93C1A11E4B00054EF83 /* main.m in Sources */ = {isa = PBXBuildFile; fileRef = 8436B93B1A11E4B00054EF83 /* main.m */; };
		8436B93F1A11E4B00054EF83 /* AppDelegate.m in Sources */ = {isa = PBXBuildFile; fileRef = 8436B93E1A11E4B00054EF83 /* AppDelegate.m */; };
		8436B9451A11E4B00054EF83 /* Main.storyboard in Resources */ = {isa = PBXBuildFile; fileRef = 8436B9431A11E4B00054EF83 /* Main.storyboard */; };
		8436B9471A11E4B00054EF83 /* Images.xcassets in Resources */ = {isa = PBXBuildFile; fileRef = 8436B9461A11E4B00054EF83 /* Images.xcassets */; };
		8436B94A1A11E4B00054EF83 /* LaunchScreen.xib in Resources */ = {isa = PBXBuildFile; fileRef = 8436B9481A11E4B00054EF83 /* LaunchScreen.xib */; };
		8436B9561A11E4B00054EF83 /* ROSATOM_GAMETests.m in Sources */ = {isa = PBXBuildFile; fileRef = 8436B9551A11E4B00054EF83 /* ROSATOM_GAMETests.m */; };
		8496E2321A1BCB3400E94544 /* listQuestion.plist in Resources */ = {isa = PBXBuildFile; fileRef = 8496E2311A1BCB3400E94544 /* listQuestion.plist */; };
		8497B09B1A1D2B0A00F78378 /* RADataManager.m in Sources */ = {isa = PBXBuildFile; fileRef = 8497B09A1A1D2B0A00F78378 /* RADataManager.m */; };
		84BC7EB11A19166600343B50 /* RAPlayGameScreenVC.xib in Resources */ = {isa = PBXBuildFile; fileRef = 84BC7EB01A19166600343B50 /* RAPlayGameScreenVC.xib */; };
		84BC7EBB1A1946F900343B50 /* RACompletedLevelScreenVC.m in Sources */ = {isa = PBXBuildFile; fileRef = 84BC7EBA1A1946F900343B50 /* RACompletedLevelScreenVC.m */; };
		84BC7EBD1A19471000343B50 /* RACompletedLevelScreenVC.xib in Resources */ = {isa = PBXBuildFile; fileRef = 84BC7EBC1A19471000343B50 /* RACompletedLevelScreenVC.xib */; };
		84BC7EBF1A1948BF00343B50 /* bg_complete_level.png in Resources */ = {isa = PBXBuildFile; fileRef = 84BC7EBE1A1948BF00343B50 /* bg_complete_level.png */; };
		84BC7EC11A1948E600343B50 /* EF8600-1.png in Resources */ = {isa = PBXBuildFile; fileRef = 84BC7EC01A1948E600343B50 /* EF8600-1.png */; };
		84BC7EC61A19492C00343B50 /* progres_bg.png in Resources */ = {isa = PBXBuildFile; fileRef = 84BC7EC31A19492C00343B50 /* progres_bg.png */; };
		84BC7EC71A19492C00343B50 /* progress_color.png in Resources */ = {isa = PBXBuildFile; fileRef = 84BC7EC41A19492C00343B50 /* progress_color.png */; };
		84BC7EC81A19492C00343B50 /* progress_up.png in Resources */ = {isa = PBXBuildFile; fileRef = 84BC7EC51A19492C00343B50 /* progress_up.png */; };
/* End PBXBuildFile section */

/* Begin PBXContainerItemProxy section */
		8436B9501A11E4B00054EF83 /* PBXContainerItemProxy */ = {
			isa = PBXContainerItemProxy;
			containerPortal = 8436B92E1A11E4B00054EF83 /* Project object */;
			proxyType = 1;
			remoteGlobalIDString = 8436B9351A11E4B00054EF83;
			remoteInfo = ROSATOM_GAME;
		};
/* End PBXContainerItemProxy section */

/* Begin PBXFileReference section */
		840E394F1A186D30008C8639 /* RAStatusBarView.h */ = {isa = PBXFileReference; fileEncoding = 4; lastKnownFileType = sourcecode.c.h; path = RAStatusBarView.h; sourceTree = "<group>"; };
		840E39501A186D30008C8639 /* RAStatusBarView.m */ = {isa = PBXFileReference; fileEncoding = 4; lastKnownFileType = sourcecode.c.objc; path = RAStatusBarView.m; sourceTree = "<group>"; };
		840E39521A1891D8008C8639 /* RAPlayGameScreenVC.h */ = {isa = PBXFileReference; fileEncoding = 4; lastKnownFileType = sourcecode.c.h; path = RAPlayGameScreenVC.h; sourceTree = "<group>"; };
		840E39531A1891D8008C8639 /* RAPlayGameScreenVC.m */ = {isa = PBXFileReference; fileEncoding = 4; lastKnownFileType = sourcecode.c.objc; path = RAPlayGameScreenVC.m; sourceTree = "<group>"; };
		840E39C51A191233008C8639 /* View.xib */ = {isa = PBXFileReference; fileEncoding = 4; lastKnownFileType = file.xib; path = View.xib; sourceTree = "<group>"; };
		8410F2B01A1A942E00B0155A /* color_1.png */ = {isa = PBXFileReference; lastKnownFileType = image.png; path = color_1.png; sourceTree = "<group>"; };
		8410F2B11A1A942E00B0155A /* color_2.png */ = {isa = PBXFileReference; lastKnownFileType = image.png; path = color_2.png; sourceTree = "<group>"; };
		8410F2B21A1A942E00B0155A /* color_3.png */ = {isa = PBXFileReference; lastKnownFileType = image.png; path = color_3.png; sourceTree = "<group>"; };
		8410F2B31A1A942E00B0155A /* color_4.png */ = {isa = PBXFileReference; lastKnownFileType = image.png; path = color_4.png; sourceTree = "<group>"; };
		8410F2B41A1A942E00B0155A /* color_5.png */ = {isa = PBXFileReference; lastKnownFileType = image.png; path = color_5.png; sourceTree = "<group>"; };
		8410F2B51A1A942E00B0155A /* color_6.png */ = {isa = PBXFileReference; lastKnownFileType = image.png; path = color_6.png; sourceTree = "<group>"; };
		8410F2B61A1A942E00B0155A /* color_7.png */ = {isa = PBXFileReference; lastKnownFileType = image.png; path = color_7.png; sourceTree = "<group>"; };
		8410F2B71A1A942E00B0155A /* color_8.png */ = {isa = PBXFileReference; lastKnownFileType = image.png; path = color_8.png; sourceTree = "<group>"; };
		8410F2C01A1A978100B0155A /* title_level_complete.png */ = {isa = PBXFileReference; lastKnownFileType = image.png; path = title_level_complete.png; sourceTree = "<group>"; };
		84214FC31A1778D700DB3E05 /* btn_play_bg.png */ = {isa = PBXFileReference; lastKnownFileType = image.png; path = btn_play_bg.png; sourceTree = "<group>"; };
		84214FC41A1778D700DB3E05 /* ic_count.png */ = {isa = PBXFileReference; lastKnownFileType = image.png; path = ic_count.png; sourceTree = "<group>"; };
		84214FC51A1778D700DB3E05 /* ic_life.png */ = {isa = PBXFileReference; lastKnownFileType = image.png; path = ic_life.png; sourceTree = "<group>"; };
		84214FC61A1778D700DB3E05 /* ic_time.png */ = {isa = PBXFileReference; lastKnownFileType = image.png; path = ic_time.png; sourceTree = "<group>"; };
		84214FC71A1778D700DB3E05 /* step1.img.bg.png */ = {isa = PBXFileReference; lastKnownFileType = image.png; path = step1.img.bg.png; sourceTree = "<group>"; };
		84214FCE1A1779C400DB3E05 /* RARootVC.h */ = {isa = PBXFileReference; fileEncoding = 4; lastKnownFileType = sourcecode.c.h; path = RARootVC.h; sourceTree = "<group>"; };
		84214FCF1A1779C400DB3E05 /* RARootVC.m */ = {isa = PBXFileReference; fileEncoding = 4; lastKnownFileType = sourcecode.c.objc; path = RARootVC.m; sourceTree = "<group>"; };
		84214FD41A177B6E00DB3E05 /* RAStartGameScreenVC.h */ = {isa = PBXFileReference; fileEncoding = 4; lastKnownFileType = sourcecode.c.h; path = RAStartGameScreenVC.h; sourceTree = "<group>"; };
		84214FD51A177B6E00DB3E05 /* RAStartGameScreenVC.m */ = {isa = PBXFileReference; fileEncoding = 4; lastKnownFileType = sourcecode.c.objc; path = RAStartGameScreenVC.m; sourceTree = "<group>"; };
		84214FD61A177B6E00DB3E05 /* RAStartGameScreenVC.xib */ = {isa = PBXFileReference; fileEncoding = 4; lastKnownFileType = file.xib; path = RAStartGameScreenVC.xib; sourceTree = "<group>"; };
		84214FDC1A1795B700DB3E05 /* ae5162.png */ = {isa = PBXFileReference; lastKnownFileType = image.png; path = ae5162.png; sourceTree = "<group>"; };
		84214FDD1A1795B700DB3E05 /* fefef0.png */ = {isa = PBXFileReference; lastKnownFileType = image.png; path = fefef0.png; sourceTree = "<group>"; };
		84214FE11A17975200DB3E05 /* bg.png */ = {isa = PBXFileReference; lastKnownFileType = image.png; path = bg.png; sourceTree = "<group>"; };
		84214FE21A17975200DB3E05 /* step1.png */ = {isa = PBXFileReference; lastKnownFileType = image.png; path = step1.png; sourceTree = "<group>"; };
		84214FE51A17B99600DB3E05 /* 761a41.png */ = {isa = PBXFileReference; lastKnownFileType = image.png; path = 761a41.png; sourceTree = "<group>"; };
		84214FE61A17B99600DB3E05 /* 06141A-1.png */ = {isa = PBXFileReference; lastKnownFileType = image.png; path = "06141A-1.png"; sourceTree = "<group>"; };
		84214FE91A17BA4D00DB3E05 /* steps.png */ = {isa = PBXFileReference; lastKnownFileType = image.png; path = steps.png; sourceTree = "<group>"; };
		84214FEB1A17CB5E00DB3E05 /* btn_play_bg_sel.png */ = {isa = PBXFileReference; lastKnownFileType = image.png; path = btn_play_bg_sel.png; sourceTree = "<group>"; };
		84214FF51A17E2B600DB3E05 /* bgBtnTrueFalse.png */ = {isa = PBXFileReference; lastKnownFileType = image.png; path = bgBtnTrueFalse.png; sourceTree = "<group>"; };
		84214FF61A17E2B600DB3E05 /* btn_false.png */ = {isa = PBXFileReference; lastKnownFileType = image.png; path = btn_false.png; sourceTree = "<group>"; };
		84214FF71A17E2B600DB3E05 /* btn_true.png */ = {isa = PBXFileReference; lastKnownFileType = image.png; path = btn_true.png; sourceTree = "<group>"; };
		84214FF81A17E2B600DB3E05 /* imgClock.png */ = {isa = PBXFileReference; lastKnownFileType = image.png; path = imgClock.png; sourceTree = "<group>"; };
		84214FF91A17E2B600DB3E05 /* status_ic_count.png */ = {isa = PBXFileReference; lastKnownFileType = image.png; path = status_ic_count.png; sourceTree = "<group>"; };
		84214FFA1A17E2B600DB3E05 /* status_ic_level.png */ = {isa = PBXFileReference; lastKnownFileType = image.png; path = status_ic_level.png; sourceTree = "<group>"; };
		84214FFB1A17E2B600DB3E05 /* status_ic_life.png */ = {isa = PBXFileReference; lastKnownFileType = image.png; path = status_ic_life.png; sourceTree = "<group>"; };
		842150031A17E35400DB3E05 /* Копия steps.png */ = {isa = PBXFileReference; lastKnownFileType = image.png; path = "Копия steps.png"; sourceTree = "<group>"; };
		842150051A17E63B00DB3E05 /* AD5162-1.png */ = {isa = PBXFileReference; lastKnownFileType = image.png; path = "AD5162-1.png"; sourceTree = "<group>"; };
		842150061A17E63B00DB3E05 /* D7F5F2-1.png */ = {isa = PBXFileReference; lastKnownFileType = image.png; path = "D7F5F2-1.png"; sourceTree = "<group>"; };
		8421500C1A17EAC800DB3E05 /* RAStatusBarView.xib */ = {isa = PBXFileReference; fileEncoding = 4; lastKnownFileType = file.xib; path = RAStatusBarView.xib; sourceTree = "<group>"; };
		8436B9361A11E4B00054EF83 /* ROSATOM_GAME.app */ = {isa = PBXFileReference; explicitFileType = wrapper.application; includeInIndex = 0; path = ROSATOM_GAME.app; sourceTree = BUILT_PRODUCTS_DIR; };
		8436B93A1A11E4B00054EF83 /* Info.plist */ = {isa = PBXFileReference; lastKnownFileType = text.plist.xml; path = Info.plist; sourceTree = "<group>"; };
		8436B93B1A11E4B00054EF83 /* main.m */ = {isa = PBXFileReference; lastKnownFileType = sourcecode.c.objc; path = main.m; sourceTree = "<group>"; };
		8436B93D1A11E4B00054EF83 /* AppDelegate.h */ = {isa = PBXFileReference; lastKnownFileType = sourcecode.c.h; path = AppDelegate.h; sourceTree = "<group>"; };
		8436B93E1A11E4B00054EF83 /* AppDelegate.m */ = {isa = PBXFileReference; lastKnownFileType = sourcecode.c.objc; path = AppDelegate.m; sourceTree = "<group>"; };
		8436B9441A11E4B00054EF83 /* Base */ = {isa = PBXFileReference; lastKnownFileType = file.storyboard; name = Base; path = Base.lproj/Main.storyboard; sourceTree = "<group>"; };
		8436B9461A11E4B00054EF83 /* Images.xcassets */ = {isa = PBXFileReference; lastKnownFileType = folder.assetcatalog; path = Images.xcassets; sourceTree = "<group>"; };
		8436B9491A11E4B00054EF83 /* Base */ = {isa = PBXFileReference; lastKnownFileType = file.xib; name = Base; path = Base.lproj/LaunchScreen.xib; sourceTree = "<group>"; };
		8436B94F1A11E4B00054EF83 /* ROSATOM_GAMETests.xctest */ = {isa = PBXFileReference; explicitFileType = wrapper.cfbundle; includeInIndex = 0; path = ROSATOM_GAMETests.xctest; sourceTree = BUILT_PRODUCTS_DIR; };
		8436B9541A11E4B00054EF83 /* Info.plist */ = {isa = PBXFileReference; lastKnownFileType = text.plist.xml; path = Info.plist; sourceTree = "<group>"; };
		8436B9551A11E4B00054EF83 /* ROSATOM_GAMETests.m */ = {isa = PBXFileReference; lastKnownFileType = sourcecode.c.objc; path = ROSATOM_GAMETests.m; sourceTree = "<group>"; };
		8496E2311A1BCB3400E94544 /* listQuestion.plist */ = {isa = PBXFileReference; fileEncoding = 4; lastKnownFileType = text.plist.xml; path = listQuestion.plist; sourceTree = "<group>"; };
		8497B0991A1D2B0A00F78378 /* RADataManager.h */ = {isa = PBXFileReference; fileEncoding = 4; lastKnownFileType = sourcecode.c.h; path = RADataManager.h; sourceTree = "<group>"; };
		8497B09A1A1D2B0A00F78378 /* RADataManager.m */ = {isa = PBXFileReference; fileEncoding = 4; lastKnownFileType = sourcecode.c.objc; path = RADataManager.m; sourceTree = "<group>"; };
		8497B09C1A1D2B3A00F78378 /* ROSATOM_GAME-Prefix.pch */ = {isa = PBXFileReference; lastKnownFileType = sourcecode.c.h; path = "ROSATOM_GAME-Prefix.pch"; sourceTree = "<group>"; };
		84BC7EB01A19166600343B50 /* RAPlayGameScreenVC.xib */ = {isa = PBXFileReference; fileEncoding = 4; lastKnownFileType = file.xib; path = RAPlayGameScreenVC.xib; sourceTree = "<group>"; };
		84BC7EB91A1946F900343B50 /* RACompletedLevelScreenVC.h */ = {isa = PBXFileReference; fileEncoding = 4; lastKnownFileType = sourcecode.c.h; path = RACompletedLevelScreenVC.h; sourceTree = "<group>"; };
		84BC7EBA1A1946F900343B50 /* RACompletedLevelScreenVC.m */ = {isa = PBXFileReference; fileEncoding = 4; lastKnownFileType = sourcecode.c.objc; path = RACompletedLevelScreenVC.m; sourceTree = "<group>"; };
		84BC7EBC1A19471000343B50 /* RACompletedLevelScreenVC.xib */ = {isa = PBXFileReference; fileEncoding = 4; lastKnownFileType = file.xib; name = RACompletedLevelScreenVC.xib; path = "ROSATOM_GAME/completed level screen/RACompletedLevelScreenVC.xib"; sourceTree = SOURCE_ROOT; };
		84BC7EBE1A1948BF00343B50 /* bg_complete_level.png */ = {isa = PBXFileReference; lastKnownFileType = image.png; path = bg_complete_level.png; sourceTree = "<group>"; };
		84BC7EC01A1948E600343B50 /* EF8600-1.png */ = {isa = PBXFileReference; lastKnownFileType = image.png; path = "EF8600-1.png"; sourceTree = "<group>"; };
		84BC7EC31A19492C00343B50 /* progres_bg.png */ = {isa = PBXFileReference; lastKnownFileType = image.png; path = progres_bg.png; sourceTree = "<group>"; };
		84BC7EC41A19492C00343B50 /* progress_color.png */ = {isa = PBXFileReference; lastKnownFileType = image.png; path = progress_color.png; sourceTree = "<group>"; };
		84BC7EC51A19492C00343B50 /* progress_up.png */ = {isa = PBXFileReference; lastKnownFileType = image.png; path = progress_up.png; sourceTree = "<group>"; };
/* End PBXFileReference section */

/* Begin PBXFrameworksBuildPhase section */
		8436B9331A11E4B00054EF83 /* Frameworks */ = {
			isa = PBXFrameworksBuildPhase;
			buildActionMask = 2147483647;
			files = (
			);
			runOnlyForDeploymentPostprocessing = 0;
		};
		8436B94C1A11E4B00054EF83 /* Frameworks */ = {
			isa = PBXFrameworksBuildPhase;
			buildActionMask = 2147483647;
			files = (
			);
			runOnlyForDeploymentPostprocessing = 0;
		};
/* End PBXFrameworksBuildPhase section */

/* Begin PBXGroup section */
		84214FC01A1778D700DB3E05 /* Resources */ = {
			isa = PBXGroup;
			children = (
				84214FC11A1778D700DB3E05 /* img */,
			);
			path = Resources;
			sourceTree = "<group>";
		};
		84214FC11A1778D700DB3E05 /* img */ = {
			isa = PBXGroup;
			children = (
				84BC7EC21A19492C00343B50 /* progress_assets */,
				84BC7EBE1A1948BF00343B50 /* bg_complete_level.png */,
				8410F2C01A1A978100B0155A /* title_level_complete.png */,
				84214FF51A17E2B600DB3E05 /* bgBtnTrueFalse.png */,
				84214FF61A17E2B600DB3E05 /* btn_false.png */,
				84214FF71A17E2B600DB3E05 /* btn_true.png */,
				84214FF81A17E2B600DB3E05 /* imgClock.png */,
				84214FF91A17E2B600DB3E05 /* status_ic_count.png */,
				84214FFA1A17E2B600DB3E05 /* status_ic_level.png */,
				84214FFB1A17E2B600DB3E05 /* status_ic_life.png */,
				84214FEB1A17CB5E00DB3E05 /* btn_play_bg_sel.png */,
				84214FE01A17975200DB3E05 /* temp */,
				84214FD91A1794F000DB3E05 /* 1pix */,
				84214FC31A1778D700DB3E05 /* btn_play_bg.png */,
				84214FC41A1778D700DB3E05 /* ic_count.png */,
				84214FC51A1778D700DB3E05 /* ic_life.png */,
				84214FC61A1778D700DB3E05 /* ic_time.png */,
				84214FC71A1778D700DB3E05 /* step1.img.bg.png */,
			);
			path = img;
			sourceTree = "<group>";
		};
		84214FD31A177B5400DB3E05 /* start game screen */ = {
			isa = PBXGroup;
			children = (
				840E39C51A191233008C8639 /* View.xib */,
				84214FD41A177B6E00DB3E05 /* RAStartGameScreenVC.h */,
				84214FD51A177B6E00DB3E05 /* RAStartGameScreenVC.m */,
				84214FD61A177B6E00DB3E05 /* RAStartGameScreenVC.xib */,
			);
			path = "start game screen";
			sourceTree = "<group>";
		};
		84214FD91A1794F000DB3E05 /* 1pix */ = {
			isa = PBXGroup;
			children = (
				84BC7EC01A1948E600343B50 /* EF8600-1.png */,
				842150051A17E63B00DB3E05 /* AD5162-1.png */,
				842150061A17E63B00DB3E05 /* D7F5F2-1.png */,
				84214FE51A17B99600DB3E05 /* 761a41.png */,
				84214FE61A17B99600DB3E05 /* 06141A-1.png */,
				84214FDC1A1795B700DB3E05 /* ae5162.png */,
				84214FDD1A1795B700DB3E05 /* fefef0.png */,
			);
			path = 1pix;
			sourceTree = "<group>";
		};
		84214FE01A17975200DB3E05 /* temp */ = {
			isa = PBXGroup;
			children = (
				842150031A17E35400DB3E05 /* Копия steps.png */,
				84214FE91A17BA4D00DB3E05 /* steps.png */,
				84214FE11A17975200DB3E05 /* bg.png */,
				84214FE21A17975200DB3E05 /* step1.png */,
			);
			path = temp;
			sourceTree = "<group>";
		};
		84214FED1A17D22D00DB3E05 /* play game screen */ = {
			isa = PBXGroup;
			children = (
				84BC7EB01A19166600343B50 /* RAPlayGameScreenVC.xib */,
				840E39521A1891D8008C8639 /* RAPlayGameScreenVC.h */,
				840E39531A1891D8008C8639 /* RAPlayGameScreenVC.m */,
			);
			path = "play game screen";
			sourceTree = "<group>";
		};
		842150091A17EAB100DB3E05 /* status bar */ = {
			isa = PBXGroup;
			children = (
				8421500C1A17EAC800DB3E05 /* RAStatusBarView.xib */,
				840E394F1A186D30008C8639 /* RAStatusBarView.h */,
				840E39501A186D30008C8639 /* RAStatusBarView.m */,
			);
			path = "status bar";
			sourceTree = "<group>";
		};
		8436B92D1A11E4B00054EF83 = {
			isa = PBXGroup;
			children = (
				8436B9381A11E4B00054EF83 /* ROSATOM_GAME */,
				8436B9521A11E4B00054EF83 /* ROSATOM_GAMETests */,
				8436B9371A11E4B00054EF83 /* Products */,
			);
			sourceTree = "<group>";
		};
		8436B9371A11E4B00054EF83 /* Products */ = {
			isa = PBXGroup;
			children = (
				8436B9361A11E4B00054EF83 /* ROSATOM_GAME.app */,
				8436B94F1A11E4B00054EF83 /* ROSATOM_GAMETests.xctest */,
			);
			name = Products;
			sourceTree = "<group>";
		};
		8436B9381A11E4B00054EF83 /* ROSATOM_GAME */ = {
			isa = PBXGroup;
			children = (
				8497B0981A1D2B0A00F78378 /* data manager */,
				8496E2311A1BCB3400E94544 /* listQuestion.plist */,
				84BC7EB81A1946DA00343B50 /* completed level screen */,
				842150091A17EAB100DB3E05 /* status bar */,
				84214FED1A17D22D00DB3E05 /* play game screen */,
				84214FD31A177B5400DB3E05 /* start game screen */,
				84214FCE1A1779C400DB3E05 /* RARootVC.h */,
				84214FCF1A1779C400DB3E05 /* RARootVC.m */,
				84214FC01A1778D700DB3E05 /* Resources */,
				8436B93D1A11E4B00054EF83 /* AppDelegate.h */,
				8436B93E1A11E4B00054EF83 /* AppDelegate.m */,
				8436B9431A11E4B00054EF83 /* Main.storyboard */,
				8436B9461A11E4B00054EF83 /* Images.xcassets */,
				8436B9481A11E4B00054EF83 /* LaunchScreen.xib */,
				8436B9391A11E4B00054EF83 /* Supporting Files */,
			);
			path = ROSATOM_GAME;
			sourceTree = "<group>";
		};
		8436B9391A11E4B00054EF83 /* Supporting Files */ = {
			isa = PBXGroup;
			children = (
				8497B09C1A1D2B3A00F78378 /* ROSATOM_GAME-Prefix.pch */,
				8436B93A1A11E4B00054EF83 /* Info.plist */,
				8436B93B1A11E4B00054EF83 /* main.m */,
			);
			name = "Supporting Files";
			sourceTree = "<group>";
		};
		8436B9521A11E4B00054EF83 /* ROSATOM_GAMETests */ = {
			isa = PBXGroup;
			children = (
				8436B9551A11E4B00054EF83 /* ROSATOM_GAMETests.m */,
				8436B9531A11E4B00054EF83 /* Supporting Files */,
			);
			path = ROSATOM_GAMETests;
			sourceTree = "<group>";
		};
		8436B9531A11E4B00054EF83 /* Supporting Files */ = {
			isa = PBXGroup;
			children = (
				8436B9541A11E4B00054EF83 /* Info.plist */,
			);
			name = "Supporting Files";
			sourceTree = "<group>";
		};
		8497B0981A1D2B0A00F78378 /* data manager */ = {
			isa = PBXGroup;
			children = (
				8497B0991A1D2B0A00F78378 /* RADataManager.h */,
				8497B09A1A1D2B0A00F78378 /* RADataManager.m */,
			);
			path = "data manager";
			sourceTree = "<group>";
		};
		84BC7EB81A1946DA00343B50 /* completed level screen */ = {
			isa = PBXGroup;
			children = (
				84BC7EBC1A19471000343B50 /* RACompletedLevelScreenVC.xib */,
				84BC7EB91A1946F900343B50 /* RACompletedLevelScreenVC.h */,
				84BC7EBA1A1946F900343B50 /* RACompletedLevelScreenVC.m */,
			);
			path = "completed level screen";
			sourceTree = "<group>";
		};
		84BC7EC21A19492C00343B50 /* progress_assets */ = {
			isa = PBXGroup;
			children = (
				8410F2B01A1A942E00B0155A /* color_1.png */,
				8410F2B11A1A942E00B0155A /* color_2.png */,
				8410F2B21A1A942E00B0155A /* color_3.png */,
				8410F2B31A1A942E00B0155A /* color_4.png */,
				8410F2B41A1A942E00B0155A /* color_5.png */,
				8410F2B51A1A942E00B0155A /* color_6.png */,
				8410F2B61A1A942E00B0155A /* color_7.png */,
				8410F2B71A1A942E00B0155A /* color_8.png */,
				84BC7EC31A19492C00343B50 /* progres_bg.png */,
				84BC7EC41A19492C00343B50 /* progress_color.png */,
				84BC7EC51A19492C00343B50 /* progress_up.png */,
			);
			path = progress_assets;
			sourceTree = "<group>";
		};
/* End PBXGroup section */

/* Begin PBXNativeTarget section */
		8436B9351A11E4B00054EF83 /* ROSATOM_GAME */ = {
			isa = PBXNativeTarget;
			buildConfigurationList = 8436B9591A11E4B00054EF83 /* Build configuration list for PBXNativeTarget "ROSATOM_GAME" */;
			buildPhases = (
				8436B9321A11E4B00054EF83 /* Sources */,
				8436B9331A11E4B00054EF83 /* Frameworks */,
				8436B9341A11E4B00054EF83 /* Resources */,
			);
			buildRules = (
			);
			dependencies = (
			);
			name = ROSATOM_GAME;
			productName = ROSATOM_GAME;
			productReference = 8436B9361A11E4B00054EF83 /* ROSATOM_GAME.app */;
			productType = "com.apple.product-type.application";
		};
		8436B94E1A11E4B00054EF83 /* ROSATOM_GAMETests */ = {
			isa = PBXNativeTarget;
			buildConfigurationList = 8436B95C1A11E4B00054EF83 /* Build configuration list for PBXNativeTarget "ROSATOM_GAMETests" */;
			buildPhases = (
				8436B94B1A11E4B00054EF83 /* Sources */,
				8436B94C1A11E4B00054EF83 /* Frameworks */,
				8436B94D1A11E4B00054EF83 /* Resources */,
			);
			buildRules = (
			);
			dependencies = (
				8436B9511A11E4B00054EF83 /* PBXTargetDependency */,
			);
			name = ROSATOM_GAMETests;
			productName = ROSATOM_GAMETests;
			productReference = 8436B94F1A11E4B00054EF83 /* ROSATOM_GAMETests.xctest */;
			productType = "com.apple.product-type.bundle.unit-test";
		};
/* End PBXNativeTarget section */

/* Begin PBXProject section */
		8436B92E1A11E4B00054EF83 /* Project object */ = {
			isa = PBXProject;
			attributes = {
				LastUpgradeCheck = 0610;
				ORGANIZATIONNAME = AlexNikov;
				TargetAttributes = {
					8436B9351A11E4B00054EF83 = {
						CreatedOnToolsVersion = 6.1;
					};
					8436B94E1A11E4B00054EF83 = {
						CreatedOnToolsVersion = 6.1;
						TestTargetID = 8436B9351A11E4B00054EF83;
					};
				};
			};
			buildConfigurationList = 8436B9311A11E4B00054EF83 /* Build configuration list for PBXProject "ROSATOM_GAME" */;
			compatibilityVersion = "Xcode 3.2";
			developmentRegion = English;
			hasScannedForEncodings = 0;
			knownRegions = (
				en,
				Base,
			);
			mainGroup = 8436B92D1A11E4B00054EF83;
			productRefGroup = 8436B9371A11E4B00054EF83 /* Products */;
			projectDirPath = "";
			projectRoot = "";
			targets = (
				8436B9351A11E4B00054EF83 /* ROSATOM_GAME */,
				8436B94E1A11E4B00054EF83 /* ROSATOM_GAMETests */,
			);
		};
/* End PBXProject section */

/* Begin PBXResourcesBuildPhase section */
		8436B9341A11E4B00054EF83 /* Resources */ = {
			isa = PBXResourcesBuildPhase;
			buildActionMask = 2147483647;
			files = (
				8496E2321A1BCB3400E94544 /* listQuestion.plist in Resources */,
				84BC7EBF1A1948BF00343B50 /* bg_complete_level.png in Resources */,
				84214FCC1A1778D700DB3E05 /* ic_time.png in Resources */,
				84214FDE1A1795B700DB3E05 /* ae5162.png in Resources */,
				842150021A17E2B600DB3E05 /* status_ic_life.png in Resources */,
				842150081A17E63B00DB3E05 /* D7F5F2-1.png in Resources */,
				84BC7EC71A19492C00343B50 /* progress_color.png in Resources */,
				84214FFD1A17E2B600DB3E05 /* btn_false.png in Resources */,
				8410F2C11A1A978100B0155A /* title_level_complete.png in Resources */,
				84214FFE1A17E2B600DB3E05 /* btn_true.png in Resources */,
				842150011A17E2B600DB3E05 /* status_ic_level.png in Resources */,
				84214FE31A17975200DB3E05 /* bg.png in Resources */,
				842150041A17E35400DB3E05 /* Копия steps.png in Resources */,
				84BC7EC11A1948E600343B50 /* EF8600-1.png in Resources */,
				8436B9451A11E4B00054EF83 /* Main.storyboard in Resources */,
				8436B94A1A11E4B00054EF83 /* LaunchScreen.xib in Resources */,
				842150001A17E2B600DB3E05 /* status_ic_count.png in Resources */,
				84BC7EC81A19492C00343B50 /* progress_up.png in Resources */,
				8410F2BB1A1A942E00B0155A /* color_4.png in Resources */,
				8410F2B91A1A942E00B0155A /* color_2.png in Resources */,
				84214FFC1A17E2B600DB3E05 /* bgBtnTrueFalse.png in Resources */,
				84214FFF1A17E2B600DB3E05 /* imgClock.png in Resources */,
				84214FE71A17B99600DB3E05 /* 761a41.png in Resources */,
				84214FEC1A17CB5E00DB3E05 /* btn_play_bg_sel.png in Resources */,
				840E39C61A191233008C8639 /* View.xib in Resources */,
				84214FDF1A1795B700DB3E05 /* fefef0.png in Resources */,
				84214FD81A177B6E00DB3E05 /* RAStartGameScreenVC.xib in Resources */,
				84214FCA1A1778D700DB3E05 /* ic_count.png in Resources */,
				84214FCB1A1778D700DB3E05 /* ic_life.png in Resources */,
				84214FC91A1778D700DB3E05 /* btn_play_bg.png in Resources */,
				84214FEA1A17BA4D00DB3E05 /* steps.png in Resources */,
				84BC7EB11A19166600343B50 /* RAPlayGameScreenVC.xib in Resources */,
				8410F2BD1A1A942E00B0155A /* color_6.png in Resources */,
				8410F2BE1A1A942E00B0155A /* color_7.png in Resources */,
				8410F2B81A1A942E00B0155A /* color_1.png in Resources */,
				84214FCD1A1778D700DB3E05 /* step1.img.bg.png in Resources */,
				84BC7EBD1A19471000343B50 /* RACompletedLevelScreenVC.xib in Resources */,
				84214FE41A17975200DB3E05 /* step1.png in Resources */,
				8410F2BF1A1A942E00B0155A /* color_8.png in Resources */,
				84BC7EC61A19492C00343B50 /* progres_bg.png in Resources */,
				8436B9471A11E4B00054EF83 /* Images.xcassets in Resources */,
				84214FE81A17B99700DB3E05 /* 06141A-1.png in Resources */,
				8410F2BA1A1A942E00B0155A /* color_3.png in Resources */,
				842150071A17E63B00DB3E05 /* AD5162-1.png in Resources */,
				8421500E1A17EAC800DB3E05 /* RAStatusBarView.xib in Resources */,
				8410F2BC1A1A942E00B0155A /* color_5.png in Resources */,
			);
			runOnlyForDeploymentPostprocessing = 0;
		};
		8436B94D1A11E4B00054EF83 /* Resources */ = {
			isa = PBXResourcesBuildPhase;
			buildActionMask = 2147483647;
			files = (
			);
			runOnlyForDeploymentPostprocessing = 0;
		};
/* End PBXResourcesBuildPhase section */

/* Begin PBXSourcesBuildPhase section */
		8436B9321A11E4B00054EF83 /* Sources */ = {
			isa = PBXSourcesBuildPhase;
			buildActionMask = 2147483647;
			files = (
				84214FD71A177B6E00DB3E05 /* RAStartGameScreenVC.m in Sources */,
				840E39541A1891D8008C8639 /* RAPlayGameScreenVC.m in Sources */,
				8497B09B1A1D2B0A00F78378 /* RADataManager.m in Sources */,
				84214FD01A1779C400DB3E05 /* RARootVC.m in Sources */,
				8436B93F1A11E4B00054EF83 /* AppDelegate.m in Sources */,
				8436B93C1A11E4B00054EF83 /* main.m in Sources */,
				84BC7EBB1A1946F900343B50 /* RACompletedLevelScreenVC.m in Sources */,
				840E39511A186D30008C8639 /* RAStatusBarView.m in Sources */,
			);
			runOnlyForDeploymentPostprocessing = 0;
		};
		8436B94B1A11E4B00054EF83 /* Sources */ = {
			isa = PBXSourcesBuildPhase;
			buildActionMask = 2147483647;
			files = (
				8436B9561A11E4B00054EF83 /* ROSATOM_GAMETests.m in Sources */,
			);
			runOnlyForDeploymentPostprocessing = 0;
		};
/* End PBXSourcesBuildPhase section */

/* Begin PBXTargetDependency section */
		8436B9511A11E4B00054EF83 /* PBXTargetDependency */ = {
			isa = PBXTargetDependency;
			target = 8436B9351A11E4B00054EF83 /* ROSATOM_GAME */;
			targetProxy = 8436B9501A11E4B00054EF83 /* PBXContainerItemProxy */;
		};
/* End PBXTargetDependency section */

/* Begin PBXVariantGroup section */
		8436B9431A11E4B00054EF83 /* Main.storyboard */ = {
			isa = PBXVariantGroup;
			children = (
				8436B9441A11E4B00054EF83 /* Base */,
			);
			name = Main.storyboard;
			sourceTree = "<group>";
		};
		8436B9481A11E4B00054EF83 /* LaunchScreen.xib */ = {
			isa = PBXVariantGroup;
			children = (
				8436B9491A11E4B00054EF83 /* Base */,
			);
			name = LaunchScreen.xib;
			sourceTree = "<group>";
		};
/* End PBXVariantGroup section */

/* Begin XCBuildConfiguration section */
		8436B9571A11E4B00054EF83 /* Debug */ = {
			isa = XCBuildConfiguration;
			buildSettings = {
				ALWAYS_SEARCH_USER_PATHS = NO;
				CLANG_CXX_LANGUAGE_STANDARD = "gnu++0x";
				CLANG_CXX_LIBRARY = "libc++";
				CLANG_ENABLE_MODULES = YES;
				CLANG_ENABLE_OBJC_ARC = YES;
				CLANG_WARN_BOOL_CONVERSION = YES;
				CLANG_WARN_CONSTANT_CONVERSION = YES;
				CLANG_WARN_DIRECT_OBJC_ISA_USAGE = YES_ERROR;
				CLANG_WARN_EMPTY_BODY = YES;
				CLANG_WARN_ENUM_CONVERSION = YES;
				CLANG_WARN_INT_CONVERSION = YES;
				CLANG_WARN_OBJC_ROOT_CLASS = YES_ERROR;
				CLANG_WARN_UNREACHABLE_CODE = YES;
				CLANG_WARN__DUPLICATE_METHOD_MATCH = YES;
				"CODE_SIGN_IDENTITY[sdk=iphoneos*]" = "iPhone Developer";
				COPY_PHASE_STRIP = NO;
				ENABLE_STRICT_OBJC_MSGSEND = YES;
				GCC_C_LANGUAGE_STANDARD = gnu99;
				GCC_DYNAMIC_NO_PIC = NO;
				GCC_OPTIMIZATION_LEVEL = 0;
				GCC_PREPROCESSOR_DEFINITIONS = (
					"DEBUG=1",
					"$(inherited)",
				);
				GCC_SYMBOLS_PRIVATE_EXTERN = NO;
				GCC_WARN_64_TO_32_BIT_CONVERSION = YES;
				GCC_WARN_ABOUT_RETURN_TYPE = YES_ERROR;
				GCC_WARN_UNDECLARED_SELECTOR = YES;
				GCC_WARN_UNINITIALIZED_AUTOS = YES_AGGRESSIVE;
				GCC_WARN_UNUSED_FUNCTION = YES;
				GCC_WARN_UNUSED_VARIABLE = YES;
				IPHONEOS_DEPLOYMENT_TARGET = 7.1;
				MTL_ENABLE_DEBUG_INFO = YES;
				ONLY_ACTIVE_ARCH = YES;
				SDKROOT = iphoneos;
			};
			name = Debug;
		};
		8436B9581A11E4B00054EF83 /* Release */ = {
			isa = XCBuildConfiguration;
			buildSettings = {
				ALWAYS_SEARCH_USER_PATHS = NO;
				CLANG_CXX_LANGUAGE_STANDARD = "gnu++0x";
				CLANG_CXX_LIBRARY = "libc++";
				CLANG_ENABLE_MODULES = YES;
				CLANG_ENABLE_OBJC_ARC = YES;
				CLANG_WARN_BOOL_CONVERSION = YES;
				CLANG_WARN_CONSTANT_CONVERSION = YES;
				CLANG_WARN_DIRECT_OBJC_ISA_USAGE = YES_ERROR;
				CLANG_WARN_EMPTY_BODY = YES;
				CLANG_WARN_ENUM_CONVERSION = YES;
				CLANG_WARN_INT_CONVERSION = YES;
				CLANG_WARN_OBJC_ROOT_CLASS = YES_ERROR;
				CLANG_WARN_UNREACHABLE_CODE = YES;
				CLANG_WARN__DUPLICATE_METHOD_MATCH = YES;
				"CODE_SIGN_IDENTITY[sdk=iphoneos*]" = "iPhone Developer";
				COPY_PHASE_STRIP = YES;
				ENABLE_NS_ASSERTIONS = NO;
				ENABLE_STRICT_OBJC_MSGSEND = YES;
				GCC_C_LANGUAGE_STANDARD = gnu99;
				GCC_WARN_64_TO_32_BIT_CONVERSION = YES;
				GCC_WARN_ABOUT_RETURN_TYPE = YES_ERROR;
				GCC_WARN_UNDECLARED_SELECTOR = YES;
				GCC_WARN_UNINITIALIZED_AUTOS = YES_AGGRESSIVE;
				GCC_WARN_UNUSED_FUNCTION = YES;
				GCC_WARN_UNUSED_VARIABLE = YES;
				IPHONEOS_DEPLOYMENT_TARGET = 7.1;
				MTL_ENABLE_DEBUG_INFO = NO;
				SDKROOT = iphoneos;
				VALIDATE_PRODUCT = YES;
			};
			name = Release;
		};
		8436B95A1A11E4B00054EF83 /* Debug */ = {
			isa = XCBuildConfiguration;
			buildSettings = {
				ASSETCATALOG_COMPILER_APPICON_NAME = AppIcon;
				CLANG_WARN_OBJC_MISSING_PROPERTY_SYNTHESIS = NO;
				GCC_PRECOMPILE_PREFIX_HEADER = YES;
				GCC_PREFIX_HEADER = "ROSATOM_GAME/ROSATOM_GAME-Prefix.pch";
				INFOPLIST_FILE = ROSATOM_GAME/Info.plist;
				LD_RUNPATH_SEARCH_PATHS = "$(inherited) @executable_path/Frameworks";
				PRODUCT_NAME = "$(TARGET_NAME)";
			};
			name = Debug;
		};
		8436B95B1A11E4B00054EF83 /* Release */ = {
			isa = XCBuildConfiguration;
			buildSettings = {
				ASSETCATALOG_COMPILER_APPICON_NAME = AppIcon;
				CLANG_WARN_OBJC_MISSING_PROPERTY_SYNTHESIS = NO;
				GCC_PRECOMPILE_PREFIX_HEADER = YES;
				GCC_PREFIX_HEADER = "ROSATOM_GAME/ROSATOM_GAME-Prefix.pch";
				INFOPLIST_FILE = ROSATOM_GAME/Info.plist;
				LD_RUNPATH_SEARCH_PATHS = "$(inherited) @executable_path/Frameworks";
				PRODUCT_NAME = "$(TARGET_NAME)";
			};
			name = Release;
		};
		8436B95D1A11E4B00054EF83 /* Debug */ = {
			isa = XCBuildConfiguration;
			buildSettings = {
				BUNDLE_LOADER = "$(TEST_HOST)";
				FRAMEWORK_SEARCH_PATHS = (
					"$(SDKROOT)/Developer/Library/Frameworks",
					"$(inherited)",
				);
				GCC_PREPROCESSOR_DEFINITIONS = (
					"DEBUG=1",
					"$(inherited)",
				);
				INFOPLIST_FILE = ROSATOM_GAMETests/Info.plist;
				LD_RUNPATH_SEARCH_PATHS = "$(inherited) @executable_path/Frameworks @loader_path/Frameworks";
				PRODUCT_NAME = "$(TARGET_NAME)";
				TEST_HOST = "$(BUILT_PRODUCTS_DIR)/ROSATOM_GAME.app/ROSATOM_GAME";
			};
			name = Debug;
		};
		8436B95E1A11E4B00054EF83 /* Release */ = {
			isa = XCBuildConfiguration;
			buildSettings = {
				BUNDLE_LOADER = "$(TEST_HOST)";
				FRAMEWORK_SEARCH_PATHS = (
					"$(SDKROOT)/Developer/Library/Frameworks",
					"$(inherited)",
				);
				INFOPLIST_FILE = ROSATOM_GAMETests/Info.plist;
				LD_RUNPATH_SEARCH_PATHS = "$(inherited) @executable_path/Frameworks @loader_path/Frameworks";
				PRODUCT_NAME = "$(TARGET_NAME)";
				TEST_HOST = "$(BUILT_PRODUCTS_DIR)/ROSATOM_GAME.app/ROSATOM_GAME";
			};
			name = Release;
		};
/* End XCBuildConfiguration section */

/* Begin XCConfigurationList section */
		8436B9311A11E4B00054EF83 /* Build configuration list for PBXProject "ROSATOM_GAME" */ = {
			isa = XCConfigurationList;
			buildConfigurations = (
				8436B9571A11E4B00054EF83 /* Debug */,
				8436B9581A11E4B00054EF83 /* Release */,
			);
			defaultConfigurationIsVisible = 0;
			defaultConfigurationName = Release;
		};
		8436B9591A11E4B00054EF83 /* Build configuration list for PBXNativeTarget "ROSATOM_GAME" */ = {
			isa = XCConfigurationList;
			buildConfigurations = (
				8436B95A1A11E4B00054EF83 /* Debug */,
				8436B95B1A11E4B00054EF83 /* Release */,
			);
			defaultConfigurationIsVisible = 0;
			defaultConfigurationName = Release;
		};
		8436B95C1A11E4B00054EF83 /* Build configuration list for PBXNativeTarget "ROSATOM_GAMETests" */ = {
			isa = XCConfigurationList;
			buildConfigurations = (
				8436B95D1A11E4B00054EF83 /* Debug */,
				8436B95E1A11E4B00054EF83 /* Release */,
			);
			defaultConfigurationIsVisible = 0;
			defaultConfigurationName = Release;
		};
/* End XCConfigurationList section */
	};
	rootObject = 8436B92E1A11E4B00054EF83 /* Project object */;
}
